
Microsoft Visual Studio Solution File, Format Version 12.00
# Visual Studio Version 17
VisualStudioVersion = 17.9.34321.82
MinimumVisualStudioVersion = 10.0.40219.1
Project("{9A19103F-16F7-4668-BE54-9A1E7A4F7556}") = "01", "01\01.csproj", "{58604ABB-1E83-4728-815E-6A8E4EF46DF4}"
EndProject
Project("{9A19103F-16F7-4668-BE54-9A1E7A4F7556}") = "02", "02\02.csproj", "{910B8081-FF01-4AAF-9F0D-B9B1A3F8AC9F}"
EndProject
Project("{9A19103F-16F7-4668-BE54-9A1E7A4F7556}") = "03", "03\03.csproj", "{FD680411-BC0D-4F7F-9BC0-0B9698E01057}"
EndProject
Project("{9A19103F-16F7-4668-BE54-9A1E7A4F7556}") = "04", "04\04.csproj", "{E5351BFF-88B2-4E4C-9785-F85E5A6C09C6}"
EndProject
Project("{FAE04EC0-301F-11D3-BF4B-00C04F79EFBC}") = "05", "05\05.csproj", "{78C1D7F8-2D8C-46FE-9220-345A2013A7B0}"
EndProject
Global
	GlobalSection(SolutionConfigurationPlatforms) = preSolution
		Debug|Any CPU = Debug|Any CPU
		Release|Any CPU = Release|Any CPU
	EndGlobalSection
	GlobalSection(ProjectConfigurationPlatforms) = postSolution
		{58604ABB-1E83-4728-815E-6A8E4EF46DF4}.Debug|Any CPU.ActiveCfg = Debug|Any CPU
		{58604ABB-1E83-4728-815E-6A8E4EF46DF4}.Debug|Any CPU.Build.0 = Debug|Any CPU
		{58604ABB-1E83-4728-815E-6A8E4EF46DF4}.Release|Any CPU.ActiveCfg = Release|Any CPU
		{58604ABB-1E83-4728-815E-6A8E4EF46DF4}.Release|Any CPU.Build.0 = Release|Any CPU
		{910B8081-FF01-4AAF-9F0D-B9B1A3F8AC9F}.Debug|Any CPU.ActiveCfg = Debug|Any CPU
		{910B8081-FF01-4AAF-9F0D-B9B1A3F8AC9F}.Debug|Any CPU.Build.0 = Debug|Any CPU
		{910B8081-FF01-4AAF-9F0D-B9B1A3F8AC9F}.Release|Any CPU.ActiveCfg = Release|Any CPU
		{910B8081-FF01-4AAF-9F0D-B9B1A3F8AC9F}.Release|Any CPU.Build.0 = Release|Any CPU
		{FD680411-BC0D-4F7F-9BC0-0B9698E01057}.Debug|Any CPU.ActiveCfg = Debug|Any CPU
		{FD680411-BC0D-4F7F-9BC0-0B9698E01057}.Debug|Any CPU.Build.0 = Debug|Any CPU
		{FD680411-BC0D-4F7F-9BC0-0B9698E01057}.Release|Any CPU.ActiveCfg = Release|Any CPU
		{FD680411-BC0D-4F7F-9BC0-0B9698E01057}.Release|Any CPU.Build.0 = Release|Any CPU
		{E5351BFF-88B2-4E4C-9785-F85E5A6C09C6}.Debug|Any CPU.ActiveCfg = Debug|Any CPU
		{E5351BFF-88B2-4E4C-9785-F85E5A6C09C6}.Debug|Any CPU.Build.0 = Debug|Any CPU
		{E5351BFF-88B2-4E4C-9785-F85E5A6C09C6}.Release|Any CPU.ActiveCfg = Release|Any CPU
		{E5351BFF-88B2-4E4C-9785-F85E5A6C09C6}.Release|Any CPU.Build.0 = Release|Any CPU
		{78C1D7F8-2D8C-46FE-9220-345A2013A7B0}.Debug|Any CPU.ActiveCfg = Debug|Any CPU
		{78C1D7F8-2D8C-46FE-9220-345A2013A7B0}.Debug|Any CPU.Build.0 = Debug|Any CPU
		{78C1D7F8-2D8C-46FE-9220-345A2013A7B0}.Release|Any CPU.ActiveCfg = Release|Any CPU
		{78C1D7F8-2D8C-46FE-9220-345A2013A7B0}.Release|Any CPU.Build.0 = Release|Any CPU
	EndGlobalSection
	GlobalSection(SolutionProperties) = preSolution
		HideSolutionNode = FALSE
	EndGlobalSection
	GlobalSection(ExtensibilityGlobals) = postSolution
		SolutionGuid = {06B1F4A1-78A2-4C0E-BBD4-5CFD9113544E}
	EndGlobalSection
EndGlobal
